
Microsoft Visual Studio Solution File, Format Version 12.00
Project("{FAE04EC0-301F-11D3-BF4B-00C04F79EFBC}") = "T3.Match.Api", "T3.Match.Api\T3.Match.Api.csproj", "{CDBA6D20-C4BE-4613-9AA2-F63BDBCD74DE}"
EndProject
Project("{FAE04EC0-301F-11D3-BF4B-00C04F79EFBC}") = "T3.Data.Shared", "T3.Data.Shared\T3.Data.Shared.csproj", "{33C59C28-03E4-4CBE-8E16-A55A45BBAED9}"
EndProject
Project("{FAE04EC0-301F-11D3-BF4B-00C04F79EFBC}") = "T3.Account.Api", "T3.Account.Api\T3.Account.Api.csproj", "{428253E7-712F-44BA-9818-FB221BE3E809}"
EndProject
Project("{FAE04EC0-301F-11D3-BF4B-00C04F79EFBC}") = "T3.Common.Models", "T3.Common.Models\T3.Common.Models.csproj", "{B2729B3F-EA1C-41DF-81C6-3D1F0A1D6C5B}"
EndProject
Project("{FAE04EC0-301F-11D3-BF4B-00C04F79EFBC}") = "T3.Account.Api.Test", "T3.Account.Api.Test\T3.Account.Api.Test.csproj", "{D884C0EF-E071-4F48-ABC5-A9D6B1F2C3DE}"
EndProject
Global
	GlobalSection(SolutionConfigurationPlatforms) = preSolution
		Debug|Any CPU = Debug|Any CPU
		Release|Any CPU = Release|Any CPU
	EndGlobalSection
	GlobalSection(ProjectConfigurationPlatforms) = postSolution
		{CDBA6D20-C4BE-4613-9AA2-F63BDBCD74DE}.Debug|Any CPU.ActiveCfg = Debug|Any CPU
		{CDBA6D20-C4BE-4613-9AA2-F63BDBCD74DE}.Debug|Any CPU.Build.0 = Debug|Any CPU
		{CDBA6D20-C4BE-4613-9AA2-F63BDBCD74DE}.Release|Any CPU.ActiveCfg = Release|Any CPU
		{CDBA6D20-C4BE-4613-9AA2-F63BDBCD74DE}.Release|Any CPU.Build.0 = Release|Any CPU
		{33C59C28-03E4-4CBE-8E16-A55A45BBAED9}.Debug|Any CPU.ActiveCfg = Debug|Any CPU
		{33C59C28-03E4-4CBE-8E16-A55A45BBAED9}.Debug|Any CPU.Build.0 = Debug|Any CPU
		{33C59C28-03E4-4CBE-8E16-A55A45BBAED9}.Release|Any CPU.ActiveCfg = Release|Any CPU
		{33C59C28-03E4-4CBE-8E16-A55A45BBAED9}.Release|Any CPU.Build.0 = Release|Any CPU
		{428253E7-712F-44BA-9818-FB221BE3E809}.Debug|Any CPU.ActiveCfg = Debug|Any CPU
		{428253E7-712F-44BA-9818-FB221BE3E809}.Debug|Any CPU.Build.0 = Debug|Any CPU
		{428253E7-712F-44BA-9818-FB221BE3E809}.Release|Any CPU.ActiveCfg = Release|Any CPU
		{428253E7-712F-44BA-9818-FB221BE3E809}.Release|Any CPU.Build.0 = Release|Any CPU
		{B2729B3F-EA1C-41DF-81C6-3D1F0A1D6C5B}.Debug|Any CPU.ActiveCfg = Debug|Any CPU
		{B2729B3F-EA1C-41DF-81C6-3D1F0A1D6C5B}.Debug|Any CPU.Build.0 = Debug|Any CPU
		{B2729B3F-EA1C-41DF-81C6-3D1F0A1D6C5B}.Release|Any CPU.ActiveCfg = Release|Any CPU
		{B2729B3F-EA1C-41DF-81C6-3D1F0A1D6C5B}.Release|Any CPU.Build.0 = Release|Any CPU
		{D884C0EF-E071-4F48-ABC5-A9D6B1F2C3DE}.Debug|Any CPU.ActiveCfg = Debug|Any CPU
		{D884C0EF-E071-4F48-ABC5-A9D6B1F2C3DE}.Debug|Any CPU.Build.0 = Debug|Any CPU
		{D884C0EF-E071-4F48-ABC5-A9D6B1F2C3DE}.Release|Any CPU.ActiveCfg = Release|Any CPU
		{D884C0EF-E071-4F48-ABC5-A9D6B1F2C3DE}.Release|Any CPU.Build.0 = Release|Any CPU
	EndGlobalSection
	GlobalSection(NestedProjects) = preSolution
	EndGlobalSection
EndGlobal
