
Microsoft Visual Studio Solution File, Format Version 12.00
Project("{FAE04EC0-301F-11D3-BF4B-00C04F79EFBC}") = "TTT.Web", "TTT.Web\TTT.Web.csproj", "{CDBA6D20-C4BE-4613-9AA2-F63BDBCD74DE}"
EndProject
Project("{FAE04EC0-301F-11D3-BF4B-00C04F79EFBC}") = "TTT.Web.Tests", "TTT.Web.Tests\TTT.Web.Tests.csproj", "{F1FEB31B-CB1F-4AE8-8B7E-8CC03977C1B8}"
EndProject
Global
	GlobalSection(SolutionConfigurationPlatforms) = preSolution
		Debug|Any CPU = Debug|Any CPU
		Release|Any CPU = Release|Any CPU
	EndGlobalSection
	GlobalSection(ProjectConfigurationPlatforms) = postSolution
		{CDBA6D20-C4BE-4613-9AA2-F63BDBCD74DE}.Debug|Any CPU.ActiveCfg = Debug|Any CPU
		{CDBA6D20-C4BE-4613-9AA2-F63BDBCD74DE}.Debug|Any CPU.Build.0 = Debug|Any CPU
		{CDBA6D20-C4BE-4613-9AA2-F63BDBCD74DE}.Release|Any CPU.ActiveCfg = Release|Any CPU
		{CDBA6D20-C4BE-4613-9AA2-F63BDBCD74DE}.Release|Any CPU.Build.0 = Release|Any CPU
		{F1FEB31B-CB1F-4AE8-8B7E-8CC03977C1B8}.Debug|Any CPU.ActiveCfg = Debug|Any CPU
		{F1FEB31B-CB1F-4AE8-8B7E-8CC03977C1B8}.Debug|Any CPU.Build.0 = Debug|Any CPU
		{F1FEB31B-CB1F-4AE8-8B7E-8CC03977C1B8}.Release|Any CPU.ActiveCfg = Release|Any CPU
		{F1FEB31B-CB1F-4AE8-8B7E-8CC03977C1B8}.Release|Any CPU.Build.0 = Release|Any CPU
	EndGlobalSection
EndGlobal
